// !$*UTF8*$!
{
	archiveVersion = 1;
	classes = {
	};
	objectVersion = 46;
	objects = {

/* Begin PBXBuildFile section */
		767BC24B1AE0A52D008DFB80 /* AppDelegate.swift in Sources */ = {isa = PBXBuildFile; fileRef = 767BC24A1AE0A52D008DFB80 /* AppDelegate.swift */; };
		767BC24D1AE0A52D008DFB80 /* ViewController.swift in Sources */ = {isa = PBXBuildFile; fileRef = 767BC24C1AE0A52D008DFB80 /* ViewController.swift */; };
		767BC24F1AE0A52D008DFB80 /* Images.xcassets in Resources */ = {isa = PBXBuildFile; fileRef = 767BC24E1AE0A52D008DFB80 /* Images.xcassets */; };
		767BC2521AE0A52D008DFB80 /* Main.storyboard in Resources */ = {isa = PBXBuildFile; fileRef = 767BC2501AE0A52D008DFB80 /* Main.storyboard */; };
		767BC25E1AE0A52D008DFB80 /* AppleChatTests.swift in Sources */ = {isa = PBXBuildFile; fileRef = 767BC25D1AE0A52D008DFB80 /* AppleChatTests.swift */; };
/* End PBXBuildFile section */

/* Begin PBXContainerItemProxy section */
		767BC2581AE0A52D008DFB80 /* PBXContainerItemProxy */ = {
			isa = PBXContainerItemProxy;
			containerPortal = 767BC23D1AE0A52D008DFB80 /* Project object */;
			proxyType = 1;
			remoteGlobalIDString = 767BC2441AE0A52D008DFB80;
			remoteInfo = AppleChat;
		};
/* End PBXContainerItemProxy section */

/* Begin PBXFileReference section */
		767BC2451AE0A52D008DFB80 /* AppleChat.app */ = {isa = PBXFileReference; explicitFileType = wrapper.application; includeInIndex = 0; path = AppleChat.app; sourceTree = BUILT_PRODUCTS_DIR; };
		767BC2491AE0A52D008DFB80 /* Info.plist */ = {isa = PBXFileReference; lastKnownFileType = text.plist.xml; path = Info.plist; sourceTree = "<group>"; };
		767BC24A1AE0A52D008DFB80 /* AppDelegate.swift */ = {isa = PBXFileReference; lastKnownFileType = sourcecode.swift; path = AppDelegate.swift; sourceTree = "<group>"; };
		767BC24C1AE0A52D008DFB80 /* ViewController.swift */ = {isa = PBXFileReference; lastKnownFileType = sourcecode.swift; path = ViewController.swift; sourceTree = "<group>"; };
		767BC24E1AE0A52D008DFB80 /* Images.xcassets */ = {isa = PBXFileReference; lastKnownFileType = folder.assetcatalog; path = Images.xcassets; sourceTree = "<group>"; };
		767BC2511AE0A52D008DFB80 /* Base */ = {isa = PBXFileReference; lastKnownFileType = file.storyboard; name = Base; path = Base.lproj/Main.storyboard; sourceTree = "<group>"; };
		767BC2571AE0A52D008DFB80 /* AppleChatTests.xctest */ = {isa = PBXFileReference; explicitFileType = wrapper.cfbundle; includeInIndex = 0; path = AppleChatTests.xctest; sourceTree = BUILT_PRODUCTS_DIR; };
		767BC25C1AE0A52D008DFB80 /* Info.plist */ = {isa = PBXFileReference; lastKnownFileType = text.plist.xml; path = Info.plist; sourceTree = "<group>"; };
		767BC25D1AE0A52D008DFB80 /* AppleChatTests.swift */ = {isa = PBXFileReference; lastKnownFileType = sourcecode.swift; path = AppleChatTests.swift; sourceTree = "<group>"; };
/* End PBXFileReference section */

/* Begin PBXFrameworksBuildPhase section */
		767BC2421AE0A52D008DFB80 /* Frameworks */ = {
			isa = PBXFrameworksBuildPhase;
			buildActionMask = 2147483647;
			files = (
			);
			runOnlyForDeploymentPostprocessing = 0;
		};
		767BC2541AE0A52D008DFB80 /* Frameworks */ = {
			isa = PBXFrameworksBuildPhase;
			buildActionMask = 2147483647;
			files = (
			);
			runOnlyForDeploymentPostprocessing = 0;
		};
/* End PBXFrameworksBuildPhase section */

/* Begin PBXGroup section */
		767BC23C1AE0A52D008DFB80 = {
			isa = PBXGroup;
			children = (
				767BC2471AE0A52D008DFB80 /* AppleChat */,
				767BC25A1AE0A52D008DFB80 /* AppleChatTests */,
				767BC2461AE0A52D008DFB80 /* Products */,
			);
			sourceTree = "<group>";
		};
		767BC2461AE0A52D008DFB80 /* Products */ = {
			isa = PBXGroup;
			children = (
				767BC2451AE0A52D008DFB80 /* AppleChat.app */,
				767BC2571AE0A52D008DFB80 /* AppleChatTests.xctest */,
			);
			name = Products;
			sourceTree = "<group>";
		};
		767BC2471AE0A52D008DFB80 /* AppleChat */ = {
			isa = PBXGroup;
			children = (
				767BC24A1AE0A52D008DFB80 /* AppDelegate.swift */,
				767BC24C1AE0A52D008DFB80 /* ViewController.swift */,
				767BC24E1AE0A52D008DFB80 /* Images.xcassets */,
				767BC2501AE0A52D008DFB80 /* Main.storyboard */,
				767BC2481AE0A52D008DFB80 /* Supporting Files */,
			);
			path = AppleChat;
			sourceTree = "<group>";
		};
		767BC2481AE0A52D008DFB80 /* Supporting Files */ = {
			isa = PBXGroup;
			children = (
				767BC2491AE0A52D008DFB80 /* Info.plist */,
			);
			name = "Supporting Files";
			sourceTree = "<group>";
		};
		767BC25A1AE0A52D008DFB80 /* AppleChatTests */ = {
			isa = PBXGroup;
			children = (
				767BC25D1AE0A52D008DFB80 /* AppleChatTests.swift */,
				767BC25B1AE0A52D008DFB80 /* Supporting Files */,
			);
			path = AppleChatTests;
			sourceTree = "<group>";
		};
		767BC25B1AE0A52D008DFB80 /* Supporting Files */ = {
			isa = PBXGroup;
			children = (
				767BC25C1AE0A52D008DFB80 /* Info.plist */,
			);
			name = "Supporting Files";
			sourceTree = "<group>";
		};
/* End PBXGroup section */

/* Begin PBXNativeTarget section */
		767BC2441AE0A52D008DFB80 /* AppleChat */ = {
			isa = PBXNativeTarget;
			buildConfigurationList = 767BC2611AE0A52D008DFB80 /* Build configuration list for PBXNativeTarget "AppleChat" */;
			buildPhases = (
				767BC2411AE0A52D008DFB80 /* Sources */,
				767BC2421AE0A52D008DFB80 /* Frameworks */,
				767BC2431AE0A52D008DFB80 /* Resources */,
			);
			buildRules = (
			);
			dependencies = (
			);
			name = AppleChat;
			productName = AppleChat;
			productReference = 767BC2451AE0A52D008DFB80 /* AppleChat.app */;
			productType = "com.apple.product-type.application";
		};
		767BC2561AE0A52D008DFB80 /* AppleChatTests */ = {
			isa = PBXNativeTarget;
			buildConfigurationList = 767BC2641AE0A52D008DFB80 /* Build configuration list for PBXNativeTarget "AppleChatTests" */;
			buildPhases = (
				767BC2531AE0A52D008DFB80 /* Sources */,
				767BC2541AE0A52D008DFB80 /* Frameworks */,
				767BC2551AE0A52D008DFB80 /* Resources */,
			);
			buildRules = (
			);
			dependencies = (
				767BC2591AE0A52D008DFB80 /* PBXTargetDependency */,
			);
			name = AppleChatTests;
			productName = AppleChatTests;
			productReference = 767BC2571AE0A52D008DFB80 /* AppleChatTests.xctest */;
			productType = "com.apple.product-type.bundle.unit-test";
		};
/* End PBXNativeTarget section */

/* Begin PBXProject section */
		767BC23D1AE0A52D008DFB80 /* Project object */ = {
			isa = PBXProject;
			attributes = {
				LastUpgradeCheck = 0630;
				ORGANIZATIONNAME = qinjilei;
				TargetAttributes = {
					767BC2441AE0A52D008DFB80 = {
						CreatedOnToolsVersion = 6.3;
					};
					767BC2561AE0A52D008DFB80 = {
						CreatedOnToolsVersion = 6.3;
						TestTargetID = 767BC2441AE0A52D008DFB80;
					};
				};
			};
			buildConfigurationList = 767BC2401AE0A52D008DFB80 /* Build configuration list for PBXProject "AppleChat" */;
			compatibilityVersion = "Xcode 3.2";
			developmentRegion = English;
			hasScannedForEncodings = 0;
			knownRegions = (
				en,
				Base,
			);
			mainGroup = 767BC23C1AE0A52D008DFB80;
			productRefGroup = 767BC2461AE0A52D008DFB80 /* Products */;
			projectDirPath = "";
			projectRoot = "";
			targets = (
				767BC2441AE0A52D008DFB80 /* AppleChat */,
				767BC2561AE0A52D008DFB80 /* AppleChatTests */,
			);
		};
/* End PBXProject section */

/* Begin PBXResourcesBuildPhase section */
		767BC2431AE0A52D008DFB80 /* Resources */ = {
			isa = PBXResourcesBuildPhase;
			buildActionMask = 2147483647;
			files = (
				767BC24F1AE0A52D008DFB80 /* Images.xcassets in Resources */,
				767BC2521AE0A52D008DFB80 /* Main.storyboard in Resources */,
			);
			runOnlyForDeploymentPostprocessing = 0;
		};
		767BC2551AE0A52D008DFB80 /* Resources */ = {
			isa = PBXResourcesBuildPhase;
			buildActionMask = 2147483647;
			files = (
			);
			runOnlyForDeploymentPostprocessing = 0;
		};
/* End PBXResourcesBuildPhase section */

/* Begin PBXSourcesBuildPhase section */
		767BC2411AE0A52D008DFB80 /* Sources */ = {
			isa = PBXSourcesBuildPhase;
			buildActionMask = 2147483647;
			files = (
				767BC24D1AE0A52D008DFB80 /* ViewController.swift in Sources */,
				767BC24B1AE0A52D008DFB80 /* AppDelegate.swift in Sources */,
			);
			runOnlyForDeploymentPostprocessing = 0;
		};
		767BC2531AE0A52D008DFB80 /* Sources */ = {
			isa = PBXSourcesBuildPhase;
			buildActionMask = 2147483647;
			files = (
				767BC25E1AE0A52D008DFB80 /* AppleChatTests.swift in Sources */,
			);
			runOnlyForDeploymentPostprocessing = 0;
		};
/* End PBXSourcesBuildPhase section */

/* Begin PBXTargetDependency section */
		767BC2591AE0A52D008DFB80 /* PBXTargetDependency */ = {
			isa = PBXTargetDependency;
			target = 767BC2441AE0A52D008DFB80 /* AppleChat */;
			targetProxy = 767BC2581AE0A52D008DFB80 /* PBXContainerItemProxy */;
		};
/* End PBXTargetDependency section */

/* Begin PBXVariantGroup section */
		767BC2501AE0A52D008DFB80 /* Main.storyboard */ = {
			isa = PBXVariantGroup;
			children = (
				767BC2511AE0A52D008DFB80 /* Base */,
			);
			name = Main.storyboard;
			sourceTree = "<group>";
		};
/* End PBXVariantGroup section */

/* Begin XCBuildConfiguration section */
		767BC25F1AE0A52D008DFB80 /* Debug */ = {
			isa = XCBuildConfiguration;
			buildSettings = {
				ALWAYS_SEARCH_USER_PATHS = NO;
				CLANG_CXX_LANGUAGE_STANDARD = "gnu++0x";
				CLANG_CXX_LIBRARY = "libc++";
				CLANG_ENABLE_MODULES = YES;
				CLANG_ENABLE_OBJC_ARC = YES;
				CLANG_WARN_BOOL_CONVERSION = YES;
				CLANG_WARN_CONSTANT_CONVERSION = YES;
				CLANG_WARN_DIRECT_OBJC_ISA_USAGE = YES_ERROR;
				CLANG_WARN_EMPTY_BODY = YES;
				CLANG_WARN_ENUM_CONVERSION = YES;
				CLANG_WARN_INT_CONVERSION = YES;
				CLANG_WARN_OBJC_ROOT_CLASS = YES_ERROR;
				CLANG_WARN_UNREACHABLE_CODE = YES;
				CLANG_WARN__DUPLICATE_METHOD_MATCH = YES;
				CODE_SIGN_IDENTITY = "-";
				COPY_PHASE_STRIP = NO;
				DEBUG_INFORMATION_FORMAT = dwarf;
				ENABLE_STRICT_OBJC_MSGSEND = YES;
				GCC_C_LANGUAGE_STANDARD = gnu99;
				GCC_DYNAMIC_NO_PIC = NO;
				GCC_NO_COMMON_BLOCKS = YES;
				GCC_OPTIMIZATION_LEVEL = 0;
				GCC_PREPROCESSOR_DEFINITIONS = (
					"DEBUG=1",
					"$(inherited)",
				);
				GCC_SYMBOLS_PRIVATE_EXTERN = NO;
				GCC_WARN_64_TO_32_BIT_CONVERSION = YES;
				GCC_WARN_ABOUT_RETURN_TYPE = YES_ERROR;
				GCC_WARN_UNDECLARED_SELECTOR = YES;
				GCC_WARN_UNINITIALIZED_AUTOS = YES_AGGRESSIVE;
				GCC_WARN_UNUSED_FUNCTION = YES;
				GCC_WARN_UNUSED_VARIABLE = YES;
				MACOSX_DEPLOYMENT_TARGET = 10.10;
				MTL_ENABLE_DEBUG_INFO = YES;
				ONLY_ACTIVE_ARCH = YES;
				SDKROOT = macosx;
				SWIFT_OPTIMIZATION_LEVEL = "-Onone";
			};
			name = Debug;
		};
		767BC2601AE0A52D008DFB80 /* Release */ = {
			isa = XCBuildConfiguration;
			buildSettings = {
				ALWAYS_SEARCH_USER_PATHS = NO;
				CLANG_CXX_LANGUAGE_STANDARD = "gnu++0x";
				CLANG_CXX_LIBRARY = "libc++";
				CLANG_ENABLE_MODULES = YES;
				CLANG_ENABLE_OBJC_ARC = YES;
				CLANG_WARN_BOOL_CONVERSION = YES;
				CLANG_WARN_CONSTANT_CONVERSION = YES;
				CLANG_WARN_DIRECT_OBJC_ISA_USAGE = YES_ERROR;
				CLANG_WARN_EMPTY_BODY = YES;
				CLANG_WARN_ENUM_CONVERSION = YES;
				CLANG_WARN_INT_CONVERSION = YES;
				CLANG_WARN_OBJC_ROOT_CLASS = YES_ERROR;
				CLANG_WARN_UNREACHABLE_CODE = YES;
				CLANG_WARN__DUPLICATE_METHOD_MATCH = YES;
				CODE_SIGN_IDENTITY = "-";
				COPY_PHASE_STRIP = NO;
				DEBUG_INFORMATION_FORMAT = "dwarf-with-dsym";
				ENABLE_NS_ASSERTIONS = NO;
				ENABLE_STRICT_OBJC_MSGSEND = YES;
				GCC_C_LANGUAGE_STANDARD = gnu99;
				GCC_NO_COMMON_BLOCKS = YES;
				GCC_WARN_64_TO_32_BIT_CONVERSION = YES;
				GCC_WARN_ABOUT_RETURN_TYPE = YES_ERROR;
				GCC_WARN_UNDECLARED_SELECTOR = YES;
				GCC_WARN_UNINITIALIZED_AUTOS = YES_AGGRESSIVE;
				GCC_WARN_UNUSED_FUNCTION = YES;
				GCC_WARN_UNUSED_VARIABLE = YES;
				MACOSX_DEPLOYMENT_TARGET = 10.10;
				MTL_ENABLE_DEBUG_INFO = NO;
				SDKROOT = macosx;
			};
			name = Release;
		};
		767BC2621AE0A52D008DFB80 /* Debug */ = {
			isa = XCBuildConfiguration;
			buildSettings = {
				ASSETCATALOG_COMPILER_APPICON_NAME = AppIcon;
				COMBINE_HIDPI_IMAGES = YES;
				INFOPLIST_FILE = AppleChat/Info.plist;
				LD_RUNPATH_SEARCH_PATHS = "$(inherited) @executable_path/../Frameworks";
				PRODUCT_NAME = "$(TARGET_NAME)";
			};
			name = Debug;
		};
		767BC2631AE0A52D008DFB80 /* Release */ = {
			isa = XCBuildConfiguration;
			buildSettings = {
				ASSETCATALOG_COMPILER_APPICON_NAME = AppIcon;
				COMBINE_HIDPI_IMAGES = YES;
				INFOPLIST_FILE = AppleChat/Info.plist;
				LD_RUNPATH_SEARCH_PATHS = "$(inherited) @executable_path/../Frameworks";
				PRODUCT_NAME = "$(TARGET_NAME)";
			};
			name = Release;
		};
		767BC2651AE0A52D008DFB80 /* Debug */ = {
			isa = XCBuildConfiguration;
			buildSettings = {
				BUNDLE_LOADER = "$(TEST_HOST)";
				COMBINE_HIDPI_IMAGES = YES;
				FRAMEWORK_SEARCH_PATHS = (
					"$(DEVELOPER_FRAMEWORKS_DIR)",
					"$(inherited)",
				);
				GCC_PREPROCESSOR_DEFINITIONS = (
					"DEBUG=1",
					"$(inherited)",
				);
				INFOPLIST_FILE = AppleChatTests/Info.plist;
				LD_RUNPATH_SEARCH_PATHS = "$(inherited) @executable_path/../Frameworks @loader_path/../Frameworks";
				PRODUCT_NAME = "$(TARGET_NAME)";
				TEST_HOST = "$(BUILT_PRODUCTS_DIR)/AppleChat.app/Contents/MacOS/AppleChat";
			};
			name = Debug;
		};
		767BC2661AE0A52D008DFB80 /* Release */ = {
			isa = XCBuildConfiguration;
			buildSettings = {
				BUNDLE_LOADER = "$(TEST_HOST)";
				COMBINE_HIDPI_IMAGES = YES;
				FRAMEWORK_SEARCH_PATHS = (
					"$(DEVELOPER_FRAMEWORKS_DIR)",
					"$(inherited)",
				);
				INFOPLIST_FILE = AppleChatTests/Info.plist;
				LD_RUNPATH_SEARCH_PATHS = "$(inherited) @executable_path/../Frameworks @loader_path/../Frameworks";
				PRODUCT_NAME = "$(TARGET_NAME)";
				TEST_HOST = "$(BUILT_PRODUCTS_DIR)/AppleChat.app/Contents/MacOS/AppleChat";
			};
			name = Release;
		};
/* End XCBuildConfiguration section */

/* Begin XCConfigurationList section */
		767BC2401AE0A52D008DFB80 /* Build configuration list for PBXProject "AppleChat" */ = {
			isa = XCConfigurationList;
			buildConfigurations = (
				767BC25F1AE0A52D008DFB80 /* Debug */,
				767BC2601AE0A52D008DFB80 /* Release */,
			);
			defaultConfigurationIsVisible = 0;
			defaultConfigurationName = Release;
		};
		767BC2611AE0A52D008DFB80 /* Build configuration list for PBXNativeTarget "AppleChat" */ = {
			isa = XCConfigurationList;
			buildConfigurations = (
				767BC2621AE0A52D008DFB80 /* Debug */,
				767BC2631AE0A52D008DFB80 /* Release */,
			);
			defaultConfigurationIsVisible = 0;
		};
		767BC2641AE0A52D008DFB80 /* Build configuration list for PBXNativeTarget "AppleChatTests" */ = {
			isa = XCConfigurationList;
			buildConfigurations = (
				767BC2651AE0A52D008DFB80 /* Debug */,
				767BC2661AE0A52D008DFB80 /* Release */,
			);
			defaultConfigurationIsVisible = 0;
		};
/* End XCConfigurationList section */
	};
	rootObject = 767BC23D1AE0A52D008DFB80 /* Project object */;
}
